
Microsoft Visual Studio Solution File, Format Version 12.00
# Visual Studio Version 17
VisualStudioVersion = 17.3.32929.385
MinimumVisualStudioVersion = 10.0.40219.1
Project("{FAE04EC0-301F-11D3-BF4B-00C04F79EFBC}") = "StudyMaterial", "StudyMaterial.csproj", "{1938B7DE-D077-4B58-9C5F-31662DFFC938}"
EndProject
Global
	GlobalSection(SolutionConfigurationPlatforms) = preSolution
		Debug|Any CPU = Debug|Any CPU
		Release|Any CPU = Release|Any CPU
	EndGlobalSection
	GlobalSection(ProjectConfigurationPlatforms) = postSolution
		{1938B7DE-D077-4B58-9C5F-31662DFFC938}.Debug|Any CPU.ActiveCfg = Debug|Any CPU
		{1938B7DE-D077-4B58-9C5F-31662DFFC938}.Debug|Any CPU.Build.0 = Debug|Any CPU
		{1938B7DE-D077-4B58-9C5F-31662DFFC938}.Release|Any CPU.ActiveCfg = Release|Any CPU
		{1938B7DE-D077-4B58-9C5F-31662DFFC938}.Release|Any CPU.Build.0 = Release|Any CPU
	EndGlobalSection
	GlobalSection(SolutionProperties) = preSolution
		HideSolutionNode = FALSE
	EndGlobalSection
	GlobalSection(ExtensibilityGlobals) = postSolution
		SolutionGuid = {AD1BDDA5-8572-44B8-A731-8F3E3CD23531}
	EndGlobalSection
EndGlobal
